# This file is automatically @generated by Cargo.
# It is not intended for manual editing.
version = 4

[[package]]
name = "fon"
version = "0.0.0"
dependencies = [
 "fon-parser",
 "infra",
 "query",
 "vfs",
]

[[package]]
name = "fon-parser"
version = "0.0.0"
source = "git+https://github.com/Fuyeor/fon-parser.git?branch=feat%2Ffon-parser-rs#d5255adda9a827faeb5a0ee00204d232f6e89036"

[[package]]
name = "infra"
version = "0.0.0"

[[package]]
name = "query"
version = "0.0.0"
dependencies = [
 "infra",
 "vfs",
]

[[package]]
name = "syntax"
version = "0.0.0"
dependencies = [
 "infra",
 "vfs",
]

[[package]]
name = "vfs"
version = "0.0.0"
dependencies = [
 "infra",
]
